
Microsoft Visual Studio Solution File, Format Version 12.00
# Visual Studio Version 17
VisualStudioVersion = 17.14.36212.18 d17.14
MinimumVisualStudioVersion = 10.0.40219.1
Project("{FAE04EC0-301F-11D3-BF4B-00C04F79EFBC}") = "Task Manager", "Task Manager.csproj", "{1C9DD413-AC32-4C41-89E0-65BBEFF02376}"
EndProject
Global
	GlobalSection(SolutionConfigurationPlatforms) = preSolution
		Debug|Any CPU = Debug|Any CPU
		Release|Any CPU = Release|Any CPU
	EndGlobalSection
	GlobalSection(ProjectConfigurationPlatforms) = postSolution
		{1C9DD413-AC32-4C41-89E0-65BBEFF02376}.Debug|Any CPU.ActiveCfg = Debug|Any CPU
		{1C9DD413-AC32-4C41-89E0-65BBEFF02376}.Debug|Any CPU.Build.0 = Debug|Any CPU
		{1C9DD413-AC32-4C41-89E0-65BBEFF02376}.Release|Any CPU.ActiveCfg = Release|Any CPU
		{1C9DD413-AC32-4C41-89E0-65BBEFF02376}.Release|Any CPU.Build.0 = Release|Any CPU
	EndGlobalSection
	GlobalSection(SolutionProperties) = preSolution
		HideSolutionNode = FALSE
	EndGlobalSection
	GlobalSection(ExtensibilityGlobals) = postSolution
		SolutionGuid = {A37F5E33-0DD1-4907-81C6-66E1981FBF4F}
	EndGlobalSection
EndGlobal
